
Microsoft Visual Studio Solution File, Format Version 12.00
# Visual Studio Version 17
VisualStudioVersion = 17.11.35312.102
MinimumVisualStudioVersion = 10.0.40219.1
Project("{FAE04EC0-301F-11D3-BF4B-00C04F79EFBC}") = "EmployeeCRUD", "EmployeeCRUD\EmployeeCRUD.csproj", "{D080A1F2-C124-4327-AE7C-65071B780B39}"
EndProject
Global
	GlobalSection(SolutionConfigurationPlatforms) = preSolution
		Debug|Any CPU = Debug|Any CPU
		Release|Any CPU = Release|Any CPU
	EndGlobalSection
	GlobalSection(ProjectConfigurationPlatforms) = postSolution
		{D080A1F2-C124-4327-AE7C-65071B780B39}.Debug|Any CPU.ActiveCfg = Debug|Any CPU
		{D080A1F2-C124-4327-AE7C-65071B780B39}.Debug|Any CPU.Build.0 = Debug|Any CPU
		{D080A1F2-C124-4327-AE7C-65071B780B39}.Release|Any CPU.ActiveCfg = Release|Any CPU
		{D080A1F2-C124-4327-AE7C-65071B780B39}.Release|Any CPU.Build.0 = Release|Any CPU
	EndGlobalSection
	GlobalSection(SolutionProperties) = preSolution
		HideSolutionNode = FALSE
	EndGlobalSection
	GlobalSection(ExtensibilityGlobals) = postSolution
		SolutionGuid = {26765B3A-8D75-4801-B5B2-481219EB8C85}
	EndGlobalSection
EndGlobal
